# THIS IS AN AUTOGENERATED FILE. DO NOT EDIT THIS FILE DIRECTLY.
# yarn lockfile v1


node-bin-setup@^1.0.0:
  version "1.0.6"
  resolved "https://registry.npmjs.org/node-bin-setup/-/node-bin-setup-1.0.6.tgz#4b5c9bb937ece702d7069b36ca78af4684677528"

node@8:
  version "8.11.1"
  resolved "https://registry.npmjs.org/node/-/node-8.11.1.tgz#565fdea7b35f0bf7eebefac6c2b88d34141dd0eb"
  dependencies:
    node-bin-setup "^1.0.0"
